// !$*UTF8*$!
{
	archiveVersion = 1;
	classes = {
	};
	objectVersion = 50;
	objects = {

/* Begin PBXBuildFile section */
		8039E28D26A9D91E007EC591 /* AddBookView.swift in Sources */ = {isa = PBXBuildFile; fileRef = 8039E28C26A9D91E007EC591 /* AddBookView.swift */; };
		8039E28F26AB31AD007EC591 /* RatingView.swift in Sources */ = {isa = PBXBuildFile; fileRef = 8039E28E26AB31AD007EC591 /* RatingView.swift */; };
		804F182626A93D9B00C12BB7 /* BookwormApp.swift in Sources */ = {isa = PBXBuildFile; fileRef = 804F182526A93D9B00C12BB7 /* BookwormApp.swift */; };
		804F182826A93D9B00C12BB7 /* ContentView.swift in Sources */ = {isa = PBXBuildFile; fileRef = 804F182726A93D9B00C12BB7 /* ContentView.swift */; };
		804F182A26A93D9C00C12BB7 /* Assets.xcassets in Resources */ = {isa = PBXBuildFile; fileRef = 804F182926A93D9C00C12BB7 /* Assets.xcassets */; };
		804F182D26A93D9C00C12BB7 /* Preview Assets.xcassets in Resources */ = {isa = PBXBuildFile; fileRef = 804F182C26A93D9C00C12BB7 /* Preview Assets.xcassets */; };
		804F182F26A93D9C00C12BB7 /* Persistence.swift in Sources */ = {isa = PBXBuildFile; fileRef = 804F182E26A93D9C00C12BB7 /* Persistence.swift */; };
		804F183226A93D9C00C12BB7 /* Bookworm.xcdatamodeld in Sources */ = {isa = PBXBuildFile; fileRef = 804F183026A93D9C00C12BB7 /* Bookworm.xcdatamodeld */; };
		804F183D26A93E5C00C12BB7 /* BindingExample.swift in Sources */ = {isa = PBXBuildFile; fileRef = 804F183A26A93E5C00C12BB7 /* BindingExample.swift */; };
		804F183E26A93E5C00C12BB7 /* SizeClasses.swift in Sources */ = {isa = PBXBuildFile; fileRef = 804F183B26A93E5C00C12BB7 /* SizeClasses.swift */; };
		804F183F26A93E5C00C12BB7 /* CoreDataAndSwift.swift in Sources */ = {isa = PBXBuildFile; fileRef = 804F183C26A93E5C00C12BB7 /* CoreDataAndSwift.swift */; };
/* End PBXBuildFile section */

/* Begin PBXFileReference section */
		8039E28C26A9D91E007EC591 /* AddBookView.swift */ = {isa = PBXFileReference; lastKnownFileType = sourcecode.swift; path = AddBookView.swift; sourceTree = "<group>"; };
		8039E28E26AB31AD007EC591 /* RatingView.swift */ = {isa = PBXFileReference; lastKnownFileType = sourcecode.swift; path = RatingView.swift; sourceTree = "<group>"; };
		804F182226A93D9B00C12BB7 /* Bookworm.app */ = {isa = PBXFileReference; explicitFileType = wrapper.application; includeInIndex = 0; path = Bookworm.app; sourceTree = BUILT_PRODUCTS_DIR; };
		804F182526A93D9B00C12BB7 /* BookwormApp.swift */ = {isa = PBXFileReference; lastKnownFileType = sourcecode.swift; path = BookwormApp.swift; sourceTree = "<group>"; };
		804F182726A93D9B00C12BB7 /* ContentView.swift */ = {isa = PBXFileReference; lastKnownFileType = sourcecode.swift; path = ContentView.swift; sourceTree = "<group>"; };
		804F182926A93D9C00C12BB7 /* Assets.xcassets */ = {isa = PBXFileReference; lastKnownFileType = folder.assetcatalog; path = Assets.xcassets; sourceTree = "<group>"; };
		804F182C26A93D9C00C12BB7 /* Preview Assets.xcassets */ = {isa = PBXFileReference; lastKnownFileType = folder.assetcatalog; path = "Preview Assets.xcassets"; sourceTree = "<group>"; };
		804F182E26A93D9C00C12BB7 /* Persistence.swift */ = {isa = PBXFileReference; lastKnownFileType = sourcecode.swift; path = Persistence.swift; sourceTree = "<group>"; };
		804F183126A93D9C00C12BB7 /* Bookworm.xcdatamodel */ = {isa = PBXFileReference; lastKnownFileType = wrapper.xcdatamodel; path = Bookworm.xcdatamodel; sourceTree = "<group>"; };
		804F183326A93D9C00C12BB7 /* Info.plist */ = {isa = PBXFileReference; lastKnownFileType = text.plist.xml; path = Info.plist; sourceTree = "<group>"; };
		804F183A26A93E5C00C12BB7 /* BindingExample.swift */ = {isa = PBXFileReference; fileEncoding = 4; lastKnownFileType = sourcecode.swift; path = BindingExample.swift; sourceTree = "<group>"; };
		804F183B26A93E5C00C12BB7 /* SizeClasses.swift */ = {isa = PBXFileReference; fileEncoding = 4; lastKnownFileType = sourcecode.swift; path = SizeClasses.swift; sourceTree = "<group>"; };
		804F183C26A93E5C00C12BB7 /* CoreDataAndSwift.swift */ = {isa = PBXFileReference; fileEncoding = 4; lastKnownFileType = sourcecode.swift; path = CoreDataAndSwift.swift; sourceTree = "<group>"; };
/* End PBXFileReference section */

/* Begin PBXFrameworksBuildPhase section */
		804F181F26A93D9B00C12BB7 /* Frameworks */ = {
			isa = PBXFrameworksBuildPhase;
			buildActionMask = 2147483647;
			files = (
			);
			runOnlyForDeploymentPostprocessing = 0;
		};
/* End PBXFrameworksBuildPhase section */

/* Begin PBXGroup section */
		804F181926A93D9B00C12BB7 = {
			isa = PBXGroup;
			children = (
				804F182426A93D9B00C12BB7 /* Bookworm */,
				804F182326A93D9B00C12BB7 /* Products */,
			);
			sourceTree = "<group>";
		};
		804F182326A93D9B00C12BB7 /* Products */ = {
			isa = PBXGroup;
			children = (
				804F182226A93D9B00C12BB7 /* Bookworm.app */,
			);
			name = Products;
			sourceTree = "<group>";
		};
		804F182426A93D9B00C12BB7 /* Bookworm */ = {
			isa = PBXGroup;
			children = (
				804F183926A93E5C00C12BB7 /* Theory */,
				804F182526A93D9B00C12BB7 /* BookwormApp.swift */,
				804F182726A93D9B00C12BB7 /* ContentView.swift */,
				804F182926A93D9C00C12BB7 /* Assets.xcassets */,
				804F182E26A93D9C00C12BB7 /* Persistence.swift */,
				8039E28C26A9D91E007EC591 /* AddBookView.swift */,
				804F183326A93D9C00C12BB7 /* Info.plist */,
				804F183026A93D9C00C12BB7 /* Bookworm.xcdatamodeld */,
				804F182B26A93D9C00C12BB7 /* Preview Content */,
				8039E28E26AB31AD007EC591 /* RatingView.swift */,
			);
			path = Bookworm;
			sourceTree = "<group>";
		};
		804F182B26A93D9C00C12BB7 /* Preview Content */ = {
			isa = PBXGroup;
			children = (
				804F182C26A93D9C00C12BB7 /* Preview Assets.xcassets */,
			);
			path = "Preview Content";
			sourceTree = "<group>";
		};
		804F183926A93E5C00C12BB7 /* Theory */ = {
			isa = PBXGroup;
			children = (
				804F183A26A93E5C00C12BB7 /* BindingExample.swift */,
				804F183B26A93E5C00C12BB7 /* SizeClasses.swift */,
				804F183C26A93E5C00C12BB7 /* CoreDataAndSwift.swift */,
			);
			path = Theory;
			sourceTree = "<group>";
		};
/* End PBXGroup section */

/* Begin PBXNativeTarget section */
		804F182126A93D9B00C12BB7 /* Bookworm */ = {
			isa = PBXNativeTarget;
			buildConfigurationList = 804F183626A93D9C00C12BB7 /* Build configuration list for PBXNativeTarget "Bookworm" */;
			buildPhases = (
				804F181E26A93D9B00C12BB7 /* Sources */,
				804F181F26A93D9B00C12BB7 /* Frameworks */,
				804F182026A93D9B00C12BB7 /* Resources */,
			);
			buildRules = (
			);
			dependencies = (
			);
			name = Bookworm;
			productName = Bookworm;
			productReference = 804F182226A93D9B00C12BB7 /* Bookworm.app */;
			productType = "com.apple.product-type.application";
		};
/* End PBXNativeTarget section */

/* Begin PBXProject section */
		804F181A26A93D9B00C12BB7 /* Project object */ = {
			isa = PBXProject;
			attributes = {
				LastSwiftUpdateCheck = 1250;
				LastUpgradeCheck = 1250;
				TargetAttributes = {
					804F182126A93D9B00C12BB7 = {
						CreatedOnToolsVersion = 12.5.1;
					};
				};
			};
			buildConfigurationList = 804F181D26A93D9B00C12BB7 /* Build configuration list for PBXProject "Bookworm" */;
			compatibilityVersion = "Xcode 9.3";
			developmentRegion = en;
			hasScannedForEncodings = 0;
			knownRegions = (
				en,
				Base,
			);
			mainGroup = 804F181926A93D9B00C12BB7;
			productRefGroup = 804F182326A93D9B00C12BB7 /* Products */;
			projectDirPath = "";
			projectRoot = "";
			targets = (
				804F182126A93D9B00C12BB7 /* Bookworm */,
			);
		};
/* End PBXProject section */

/* Begin PBXResourcesBuildPhase section */
		804F182026A93D9B00C12BB7 /* Resources */ = {
			isa = PBXResourcesBuildPhase;
			buildActionMask = 2147483647;
			files = (
				804F182D26A93D9C00C12BB7 /* Preview Assets.xcassets in Resources */,
				804F182A26A93D9C00C12BB7 /* Assets.xcassets in Resources */,
			);
			runOnlyForDeploymentPostprocessing = 0;
		};
/* End PBXResourcesBuildPhase section */

/* Begin PBXSourcesBuildPhase section */
		804F181E26A93D9B00C12BB7 /* Sources */ = {
			isa = PBXSourcesBuildPhase;
			buildActionMask = 2147483647;
			files = (
				804F182F26A93D9C00C12BB7 /* Persistence.swift in Sources */,
				804F183226A93D9C00C12BB7 /* Bookworm.xcdatamodeld in Sources */,
				804F183F26A93E5C00C12BB7 /* CoreDataAndSwift.swift in Sources */,
				8039E28F26AB31AD007EC591 /* RatingView.swift in Sources */,
				8039E28D26A9D91E007EC591 /* AddBookView.swift in Sources */,
				804F183D26A93E5C00C12BB7 /* BindingExample.swift in Sources */,
				804F182826A93D9B00C12BB7 /* ContentView.swift in Sources */,
				804F182626A93D9B00C12BB7 /* BookwormApp.swift in Sources */,
				804F183E26A93E5C00C12BB7 /* SizeClasses.swift in Sources */,
			);
			runOnlyForDeploymentPostprocessing = 0;
		};
/* End PBXSourcesBuildPhase section */

/* Begin XCBuildConfiguration section */
		804F183426A93D9C00C12BB7 /* Debug */ = {
			isa = XCBuildConfiguration;
			buildSettings = {
				ALWAYS_SEARCH_USER_PATHS = NO;
				CLANG_ANALYZER_NONNULL = YES;
				CLANG_ANALYZER_NUMBER_OBJECT_CONVERSION = YES_AGGRESSIVE;
				CLANG_CXX_LANGUAGE_STANDARD = "gnu++14";
				CLANG_CXX_LIBRARY = "libc++";
				CLANG_ENABLE_MODULES = YES;
				CLANG_ENABLE_OBJC_ARC = YES;
				CLANG_ENABLE_OBJC_WEAK = YES;
				CLANG_WARN_BLOCK_CAPTURE_AUTORELEASING = YES;
				CLANG_WARN_BOOL_CONVERSION = YES;
				CLANG_WARN_COMMA = YES;
				CLANG_WARN_CONSTANT_CONVERSION = YES;
				CLANG_WARN_DEPRECATED_OBJC_IMPLEMENTATIONS = YES;
				CLANG_WARN_DIRECT_OBJC_ISA_USAGE = YES_ERROR;
				CLANG_WARN_DOCUMENTATION_COMMENTS = YES;
				CLANG_WARN_EMPTY_BODY = YES;
				CLANG_WARN_ENUM_CONVERSION = YES;
				CLANG_WARN_INFINITE_RECURSION = YES;
				CLANG_WARN_INT_CONVERSION = YES;
				CLANG_WARN_NON_LITERAL_NULL_CONVERSION = YES;
				CLANG_WARN_OBJC_IMPLICIT_RETAIN_SELF = YES;
				CLANG_WARN_OBJC_LITERAL_CONVERSION = YES;
				CLANG_WARN_OBJC_ROOT_CLASS = YES_ERROR;
				CLANG_WARN_QUOTED_INCLUDE_IN_FRAMEWORK_HEADER = YES;
				CLANG_WARN_RANGE_LOOP_ANALYSIS = YES;
				CLANG_WARN_STRICT_PROTOTYPES = YES;
				CLANG_WARN_SUSPICIOUS_MOVE = YES;
				CLANG_WARN_UNGUARDED_AVAILABILITY = YES_AGGRESSIVE;
				CLANG_WARN_UNREACHABLE_CODE = YES;
				CLANG_WARN__DUPLICATE_METHOD_MATCH = YES;
				COPY_PHASE_STRIP = NO;
				DEBUG_INFORMATION_FORMAT = dwarf;
				ENABLE_STRICT_OBJC_MSGSEND = YES;
				ENABLE_TESTABILITY = YES;
				GCC_C_LANGUAGE_STANDARD = gnu11;
				GCC_DYNAMIC_NO_PIC = NO;
				GCC_NO_COMMON_BLOCKS = YES;
				GCC_OPTIMIZATION_LEVEL = 0;
				GCC_PREPROCESSOR_DEFINITIONS = (
					"DEBUG=1",
					"$(inherited)",
				);
				GCC_WARN_64_TO_32_BIT_CONVERSION = YES;
				GCC_WARN_ABOUT_RETURN_TYPE = YES_ERROR;
				GCC_WARN_UNDECLARED_SELECTOR = YES;
				GCC_WARN_UNINITIALIZED_AUTOS = YES_AGGRESSIVE;
				GCC_WARN_UNUSED_FUNCTION = YES;
				GCC_WARN_UNUSED_VARIABLE = YES;
				IPHONEOS_DEPLOYMENT_TARGET = 14.5;
				MTL_ENABLE_DEBUG_INFO = INCLUDE_SOURCE;
				MTL_FAST_MATH = YES;
				ONLY_ACTIVE_ARCH = YES;
				SDKROOT = iphoneos;
				SWIFT_ACTIVE_COMPILATION_CONDITIONS = DEBUG;
				SWIFT_OPTIMIZATION_LEVEL = "-Onone";
			};
			name = Debug;
		};
		804F183526A93D9C00C12BB7 /* Release */ = {
			isa = XCBuildConfiguration;
			buildSettings = {
				ALWAYS_SEARCH_USER_PATHS = NO;
				CLANG_ANALYZER_NONNULL = YES;
				CLANG_ANALYZER_NUMBER_OBJECT_CONVERSION = YES_AGGRESSIVE;
				CLANG_CXX_LANGUAGE_STANDARD = "gnu++14";
				CLANG_CXX_LIBRARY = "libc++";
				CLANG_ENABLE_MODULES = YES;
				CLANG_ENABLE_OBJC_ARC = YES;
				CLANG_ENABLE_OBJC_WEAK = YES;
				CLANG_WARN_BLOCK_CAPTURE_AUTORELEASING = YES;
				CLANG_WARN_BOOL_CONVERSION = YES;
				CLANG_WARN_COMMA = YES;
				CLANG_WARN_CONSTANT_CONVERSION = YES;
				CLANG_WARN_DEPRECATED_OBJC_IMPLEMENTATIONS = YES;
				CLANG_WARN_DIRECT_OBJC_ISA_USAGE = YES_ERROR;
				CLANG_WARN_DOCUMENTATION_COMMENTS = YES;
				CLANG_WARN_EMPTY_BODY = YES;
				CLANG_WARN_ENUM_CONVERSION = YES;
				CLANG_WARN_INFINITE_RECURSION = YES;
				CLANG_WARN_INT_CONVERSION = YES;
				CLANG_WARN_NON_LITERAL_NULL_CONVERSION = YES;
				CLANG_WARN_OBJC_IMPLICIT_RETAIN_SELF = YES;
				CLANG_WARN_OBJC_LITERAL_CONVERSION = YES;
				CLANG_WARN_OBJC_ROOT_CLASS = YES_ERROR;
				CLANG_WARN_QUOTED_INCLUDE_IN_FRAMEWORK_HEADER = YES;
				CLANG_WARN_RANGE_LOOP_ANALYSIS = YES;
				CLANG_WARN_STRICT_PROTOTYPES = YES;
				CLANG_WARN_SUSPICIOUS_MOVE = YES;
				CLANG_WARN_UNGUARDED_AVAILABILITY = YES_AGGRESSIVE;
				CLANG_WARN_UNREACHABLE_CODE = YES;
				CLANG_WARN__DUPLICATE_METHOD_MATCH = YES;
				COPY_PHASE_STRIP = NO;
				DEBUG_INFORMATION_FORMAT = "dwarf-with-dsym";
				ENABLE_NS_ASSERTIONS = NO;
				ENABLE_STRICT_OBJC_MSGSEND = YES;
				GCC_C_LANGUAGE_STANDARD = gnu11;
				GCC_NO_COMMON_BLOCKS = YES;
				GCC_WARN_64_TO_32_BIT_CONVERSION = YES;
				GCC_WARN_ABOUT_RETURN_TYPE = YES_ERROR;
				GCC_WARN_UNDECLARED_SELECTOR = YES;
				GCC_WARN_UNINITIALIZED_AUTOS = YES_AGGRESSIVE;
				GCC_WARN_UNUSED_FUNCTION = YES;
				GCC_WARN_UNUSED_VARIABLE = YES;
				IPHONEOS_DEPLOYMENT_TARGET = 14.5;
				MTL_ENABLE_DEBUG_INFO = NO;
				MTL_FAST_MATH = YES;
				SDKROOT = iphoneos;
				SWIFT_COMPILATION_MODE = wholemodule;
				SWIFT_OPTIMIZATION_LEVEL = "-O";
				VALIDATE_PRODUCT = YES;
			};
			name = Release;
		};
		804F183726A93D9C00C12BB7 /* Debug */ = {
			isa = XCBuildConfiguration;
			buildSettings = {
				ASSETCATALOG_COMPILER_APPICON_NAME = AppIcon;
				ASSETCATALOG_COMPILER_GLOBAL_ACCENT_COLOR_NAME = AccentColor;
				CODE_SIGN_STYLE = Automatic;
				DEVELOPMENT_ASSET_PATHS = "\"Bookworm/Preview Content\"";
				DEVELOPMENT_TEAM = G779QJ727X;
				ENABLE_PREVIEWS = YES;
				INFOPLIST_FILE = Bookworm/Info.plist;
				IPHONEOS_DEPLOYMENT_TARGET = 14.0;
				LD_RUNPATH_SEARCH_PATHS = (
					"$(inherited)",
					"@executable_path/Frameworks",
				);
				PRODUCT_BUNDLE_IDENTIFIER = com.SergioSepulveda.Bookworm;
				PRODUCT_NAME = "$(TARGET_NAME)";
				SWIFT_VERSION = 5.0;
				TARGETED_DEVICE_FAMILY = "1,2";
			};
			name = Debug;
		};
		804F183826A93D9C00C12BB7 /* Release */ = {
			isa = XCBuildConfiguration;
			buildSettings = {
				ASSETCATALOG_COMPILER_APPICON_NAME = AppIcon;
				ASSETCATALOG_COMPILER_GLOBAL_ACCENT_COLOR_NAME = AccentColor;
				CODE_SIGN_STYLE = Automatic;
				DEVELOPMENT_ASSET_PATHS = "\"Bookworm/Preview Content\"";
				DEVELOPMENT_TEAM = G779QJ727X;
				ENABLE_PREVIEWS = YES;
				INFOPLIST_FILE = Bookworm/Info.plist;
				IPHONEOS_DEPLOYMENT_TARGET = 14.0;
				LD_RUNPATH_SEARCH_PATHS = (
					"$(inherited)",
					"@executable_path/Frameworks",
				);
				PRODUCT_BUNDLE_IDENTIFIER = com.SergioSepulveda.Bookworm;
				PRODUCT_NAME = "$(TARGET_NAME)";
				SWIFT_VERSION = 5.0;
				TARGETED_DEVICE_FAMILY = "1,2";
			};
			name = Release;
		};
/* End XCBuildConfiguration section */

/* Begin XCConfigurationList section */
		804F181D26A93D9B00C12BB7 /* Build configuration list for PBXProject "Bookworm" */ = {
			isa = XCConfigurationList;
			buildConfigurations = (
				804F183426A93D9C00C12BB7 /* Debug */,
				804F183526A93D9C00C12BB7 /* Release */,
			);
			defaultConfigurationIsVisible = 0;
			defaultConfigurationName = Release;
		};
		804F183626A93D9C00C12BB7 /* Build configuration list for PBXNativeTarget "Bookworm" */ = {
			isa = XCConfigurationList;
			buildConfigurations = (
				804F183726A93D9C00C12BB7 /* Debug */,
				804F183826A93D9C00C12BB7 /* Release */,
			);
			defaultConfigurationIsVisible = 0;
			defaultConfigurationName = Release;
		};
/* End XCConfigurationList section */

/* Begin XCVersionGroup section */
		804F183026A93D9C00C12BB7 /* Bookworm.xcdatamodeld */ = {
			isa = XCVersionGroup;
			children = (
				804F183126A93D9C00C12BB7 /* Bookworm.xcdatamodel */,
			);
			currentVersion = 804F183126A93D9C00C12BB7 /* Bookworm.xcdatamodel */;
			path = Bookworm.xcdatamodeld;
			sourceTree = "<group>";
			versionGroupType = wrapper.xcdatamodel;
		};
/* End XCVersionGroup section */
	};
	rootObject = 804F181A26A93D9B00C12BB7 /* Project object */;
}
